
Microsoft Visual Studio Solution File, Format Version 12.00
# Visual Studio Version 17
VisualStudioVersion = 17.0.31903.59
MinimumVisualStudioVersion = 10.0.40219.1
Project("{FAE04EC0-301F-11D3-BF4B-00C04F79EFBC}") = "MiCore2d", "MiCore2d\MiCore2d.csproj", "{D9210709-4FFB-4631-B24B-1F4C13F3845F}"
EndProject
Project("{2150E333-8FDC-42A3-9474-1A3956D46DE8}") = "Examples", "Examples", "{D765753D-36CB-45A2-90E3-299DC3801239}"
EndProject
Project("{FAE04EC0-301F-11D3-BF4B-00C04F79EFBC}") = "HelloWorld", "Examples\HelloWorld\HelloWorld.csproj", "{AD2C59D5-4915-4831-B7D8-F787B1673EDF}"
EndProject
Project("{FAE04EC0-301F-11D3-BF4B-00C04F79EFBC}") = "Animation", "Examples\Animation\Animation.csproj", "{B6429710-F84F-4A09-B196-B7C06E0A067E}"
EndProject
Project("{FAE04EC0-301F-11D3-BF4B-00C04F79EFBC}") = "SceneChange", "Examples\SceneChange\SceneChange.csproj", "{C7BBA65F-7E9E-4B92-9B6E-85D809ED1805}"
EndProject
Project("{FAE04EC0-301F-11D3-BF4B-00C04F79EFBC}") = "TileMap", "Examples\TileMap\TileMap.csproj", "{59117FF4-94E3-475B-BCD1-EB046E0C1702}"
EndProject
Project("{FAE04EC0-301F-11D3-BF4B-00C04F79EFBC}") = "Mouse", "Examples\Mouse\Mouse.csproj", "{0D06FFA6-316E-4D01-8F29-9CB67B3C6790}"
EndProject
Global
	GlobalSection(SolutionConfigurationPlatforms) = preSolution
		Debug|Any CPU = Debug|Any CPU
		Release|Any CPU = Release|Any CPU
	EndGlobalSection
	GlobalSection(SolutionProperties) = preSolution
		HideSolutionNode = FALSE
	EndGlobalSection
	GlobalSection(ProjectConfigurationPlatforms) = postSolution
		{D9210709-4FFB-4631-B24B-1F4C13F3845F}.Debug|Any CPU.ActiveCfg = Debug|Any CPU
		{D9210709-4FFB-4631-B24B-1F4C13F3845F}.Debug|Any CPU.Build.0 = Debug|Any CPU
		{D9210709-4FFB-4631-B24B-1F4C13F3845F}.Release|Any CPU.ActiveCfg = Release|Any CPU
		{D9210709-4FFB-4631-B24B-1F4C13F3845F}.Release|Any CPU.Build.0 = Release|Any CPU
		{AD2C59D5-4915-4831-B7D8-F787B1673EDF}.Debug|Any CPU.ActiveCfg = Debug|Any CPU
		{AD2C59D5-4915-4831-B7D8-F787B1673EDF}.Debug|Any CPU.Build.0 = Debug|Any CPU
		{AD2C59D5-4915-4831-B7D8-F787B1673EDF}.Release|Any CPU.ActiveCfg = Release|Any CPU
		{AD2C59D5-4915-4831-B7D8-F787B1673EDF}.Release|Any CPU.Build.0 = Release|Any CPU
		{B6429710-F84F-4A09-B196-B7C06E0A067E}.Debug|Any CPU.ActiveCfg = Debug|Any CPU
		{B6429710-F84F-4A09-B196-B7C06E0A067E}.Debug|Any CPU.Build.0 = Debug|Any CPU
		{B6429710-F84F-4A09-B196-B7C06E0A067E}.Release|Any CPU.ActiveCfg = Release|Any CPU
		{B6429710-F84F-4A09-B196-B7C06E0A067E}.Release|Any CPU.Build.0 = Release|Any CPU
		{C7BBA65F-7E9E-4B92-9B6E-85D809ED1805}.Debug|Any CPU.ActiveCfg = Debug|Any CPU
		{C7BBA65F-7E9E-4B92-9B6E-85D809ED1805}.Debug|Any CPU.Build.0 = Debug|Any CPU
		{C7BBA65F-7E9E-4B92-9B6E-85D809ED1805}.Release|Any CPU.ActiveCfg = Release|Any CPU
		{C7BBA65F-7E9E-4B92-9B6E-85D809ED1805}.Release|Any CPU.Build.0 = Release|Any CPU
		{59117FF4-94E3-475B-BCD1-EB046E0C1702}.Debug|Any CPU.ActiveCfg = Debug|Any CPU
		{59117FF4-94E3-475B-BCD1-EB046E0C1702}.Debug|Any CPU.Build.0 = Debug|Any CPU
		{59117FF4-94E3-475B-BCD1-EB046E0C1702}.Release|Any CPU.ActiveCfg = Release|Any CPU
		{59117FF4-94E3-475B-BCD1-EB046E0C1702}.Release|Any CPU.Build.0 = Release|Any CPU
		{0D06FFA6-316E-4D01-8F29-9CB67B3C6790}.Debug|Any CPU.ActiveCfg = Debug|Any CPU
		{0D06FFA6-316E-4D01-8F29-9CB67B3C6790}.Debug|Any CPU.Build.0 = Debug|Any CPU
		{0D06FFA6-316E-4D01-8F29-9CB67B3C6790}.Release|Any CPU.ActiveCfg = Release|Any CPU
		{0D06FFA6-316E-4D01-8F29-9CB67B3C6790}.Release|Any CPU.Build.0 = Release|Any CPU
	EndGlobalSection
	GlobalSection(NestedProjects) = preSolution
		{AD2C59D5-4915-4831-B7D8-F787B1673EDF} = {D765753D-36CB-45A2-90E3-299DC3801239}
		{B6429710-F84F-4A09-B196-B7C06E0A067E} = {D765753D-36CB-45A2-90E3-299DC3801239}
		{C7BBA65F-7E9E-4B92-9B6E-85D809ED1805} = {D765753D-36CB-45A2-90E3-299DC3801239}
		{59117FF4-94E3-475B-BCD1-EB046E0C1702} = {D765753D-36CB-45A2-90E3-299DC3801239}
		{0D06FFA6-316E-4D01-8F29-9CB67B3C6790} = {D765753D-36CB-45A2-90E3-299DC3801239}
	EndGlobalSection
EndGlobal
